<?xml version="1.0" encoding="utf-8"?>
<Project ToolsVersion="4.0" xmlns="http://schemas.microsoft.com/developer/msbuild/2003">
  <ItemGroup>
    <Filter Include="소스 파일">
      <UniqueIdentifier>{4FC737F1-C7A5-4376-A066-2A32D752A2FF}</UniqueIdentifier>
      <Extensions>cpp;c;cc;cxx;def;odl;idl;hpj;bat;asm;asmx</Extensions>
    </Filter>
    <Filter Include="헤더 파일">
      <UniqueIdentifier>{93995380-89BD-4b04-88EB-625FBE52EBFB}</UniqueIdentifier>
      <Extensions>h;hh;hpp;hxx;hm;inl;inc;xsd</Extensions>
    </Filter>
    <Filter Include="리소스 파일">
      <UniqueIdentifier>{67DA6AB6-F800-4c08-8B7A-83BB121AAD01}</UniqueIdentifier>
      <Extensions>rc;ico;cur;bmp;dlg;rc2;rct;bin;rgs;gif;jpg;jpeg;jpe;resx;tiff;tif;png;wav;mfcribbon-ms</Extensions>
    </Filter>
  </ItemGroup>
  <ItemGroup>
    <ClCompile Include="2750.cpp">
      <Filter>소스 파일</Filter>
    </ClCompile>
    <ClCompile Include="1913달팽이.cpp">
      <Filter>소스 파일</Filter>
    </ClCompile>
    <ClCompile Include="1152단어개수.cpp">
      <Filter>소스 파일</Filter>
    </ClCompile>
    <ClCompile Include="3449헤밍거리.cpp">
      <Filter>소스 파일</Filter>
    </ClCompile>
    <ClCompile Include="1120문자열cpp.cpp">
      <Filter>소스 파일</Filter>
    </ClCompile>
    <ClCompile Include="2503숫자야구.cpp">
      <Filter>소스 파일</Filter>
    </ClCompile>
    <ClCompile Include="1018체스판.cpp">
      <Filter>소스 파일</Filter>
    </ClCompile>
    <ClCompile Include="1051숫자정사각형.cpp">
      <Filter>소스 파일</Filter>
    </ClCompile>
    <ClCompile Include="2448별찍기11.cpp">
      <Filter>소스 파일</Filter>
    </ClCompile>
    <ClCompile Include="1000A+B.cpp">
      <Filter>소스 파일</Filter>
    </ClCompile>
    <ClCompile Include="1158요세푸스.cpp">
      <Filter>소스 파일</Filter>
    </ClCompile>
    <ClCompile Include="1966.cpp">
      <Filter>소스 파일</Filter>
    </ClCompile>
    <ClCompile Include="10989.cpp">
      <Filter>소스 파일</Filter>
    </ClCompile>
    <ClCompile Include="11509.cpp">
      <Filter>소스 파일</Filter>
    </ClCompile>
    <ClCompile Include="2252.cpp">
      <Filter>소스 파일</Filter>
    </ClCompile>
    <ClCompile Include="10451.cpp">
      <Filter>소스 파일</Filter>
    </ClCompile>
    <ClCompile Include="7981.cpp">
      <Filter>소스 파일</Filter>
    </ClCompile>
    <ClCompile Include="2606바이러스.cpp">
      <Filter>소스 파일</Filter>
    </ClCompile>
    <ClCompile Include="1260DFSBFS.cpp">
      <Filter>소스 파일</Filter>
    </ClCompile>
    <ClCompile Include="1012유기농배추.cpp">
      <Filter>소스 파일</Filter>
    </ClCompile>
    <ClCompile Include="1003피보나치.cpp">
      <Filter>소스 파일</Filter>
    </ClCompile>
    <ClCompile Include="11403경로찾기.cpp">
      <Filter>소스 파일</Filter>
    </ClCompile>
    <ClCompile Include="1916최소비용구하기.cpp">
      <Filter>소스 파일</Filter>
    </ClCompile>
    <ClCompile Include="7569토마토.cpp">
      <Filter>소스 파일</Filter>
    </ClCompile>
    <ClCompile Include="14503로봇청소기.cpp">
      <Filter>소스 파일</Filter>
    </ClCompile>
    <ClCompile Include="3190뱀.cpp">
      <Filter>소스 파일</Filter>
    </ClCompile>
    <ClCompile Include="11727_2N타일링.cpp">
      <Filter>소스 파일</Filter>
    </ClCompile>
    <ClCompile Include="2644촌수계산.cpp">
      <Filter>소스 파일</Filter>
    </ClCompile>
    <ClCompile Include="2468안전영역.cpp">
      <Filter>소스 파일</Filter>
    </ClCompile>
    <ClCompile Include="14501퇴사.cpp">
      <Filter>소스 파일</Filter>
    </ClCompile>
    <ClCompile Include="14502연구소.cpp">
      <Filter>소스 파일</Filter>
    </ClCompile>
    <ClCompile Include="14888연산자끼워넣기.cpp">
      <Filter>소스 파일</Filter>
    </ClCompile>
    <ClCompile Include="14889스타트와링크.cpp">
      <Filter>소스 파일</Filter>
    </ClCompile>
    <ClCompile Include="2446별찍기9.cpp">
      <Filter>소스 파일</Filter>
    </ClCompile>
    <ClCompile Include="오픈채팅방cpp.cpp">
      <Filter>소스 파일</Filter>
    </ClCompile>
    <ClCompile Include="실패율.cpp">
      <Filter>소스 파일</Filter>
    </ClCompile>
    <ClCompile Include="2442별찍기5.cpp">
      <Filter>소스 파일</Filter>
    </ClCompile>
    <ClCompile Include="2440별찍기3.cpp">
      <Filter>소스 파일</Filter>
    </ClCompile>
    <ClCompile Include="2438별찍기1.cpp">
      <Filter>소스 파일</Filter>
    </ClCompile>
    <ClCompile Include="2557helloworld.cpp">
      <Filter>소스 파일</Filter>
    </ClCompile>
    <ClCompile Include="10869사칙연산.cpp">
      <Filter>소스 파일</Filter>
    </ClCompile>
    <ClCompile Include="2753윤년.cpp">
      <Filter>소스 파일</Filter>
    </ClCompile>
    <ClCompile Include="15552빠른 A + B.cpp">
      <Filter>소스 파일</Filter>
    </ClCompile>
    <ClCompile Include="1100하얀칸.cpp">
      <Filter>소스 파일</Filter>
    </ClCompile>
    <ClCompile Include="3029경고.cpp">
      <Filter>소스 파일</Filter>
    </ClCompile>
    <ClCompile Include="1919애너그램.c">
      <Filter>소스 파일</Filter>
    </ClCompile>
    <ClCompile Include="1152단어의개수.c">
      <Filter>소스 파일</Filter>
    </ClCompile>
    <ClCompile Include="11718그대로 출력하기.c">
      <Filter>소스 파일</Filter>
    </ClCompile>
    <ClCompile Include="1032명령프롬포트.c">
      <Filter>소스 파일</Filter>
    </ClCompile>
    <ClCompile Include="1120문자열.c">
      <Filter>소스 파일</Filter>
    </ClCompile>
    <ClCompile Include="14470전자레인지.c">
      <Filter>소스 파일</Filter>
    </ClCompile>
    <ClCompile Include="17298오큰수.cpp">
      <Filter>소스 파일</Filter>
    </ClCompile>
    <ClCompile Include="1918후위표기법.cpp">
      <Filter>소스 파일</Filter>
    </ClCompile>
    <ClCompile Include="2751수정렬2cpp.cpp">
      <Filter>소스 파일</Filter>
    </ClCompile>
    <ClCompile Include="13866팀나누기.cpp">
      <Filter>소스 파일</Filter>
    </ClCompile>
    <ClCompile Include="2740행렬곱셈.cpp">
      <Filter>소스 파일</Filter>
    </ClCompile>
    <ClCompile Include="13136donttouchanything.cpp">
      <Filter>소스 파일</Filter>
    </ClCompile>
    <ClCompile Include="2530인공지능시계.cpp">
      <Filter>소스 파일</Filter>
    </ClCompile>
    <ClCompile Include="2355시그마.cpp">
      <Filter>소스 파일</Filter>
    </ClCompile>
    <ClCompile Include="1712손익분기점.cpp">
      <Filter>소스 파일</Filter>
    </ClCompile>
    <ClCompile Include="14652나느행복합니다.cpp">
      <Filter>소스 파일</Filter>
    </ClCompile>
    <ClCompile Include="14891톱니바퀴.cpp">
      <Filter>소스 파일</Filter>
    </ClCompile>
    <ClCompile Include="4358생태학.cpp">
      <Filter>소스 파일</Filter>
    </ClCompile>
    <ClCompile Include="9935문자열폭발.cpp">
      <Filter>소스 파일</Filter>
    </ClCompile>
    <ClCompile Include="9012괄호.cpp">
      <Filter>소스 파일</Filter>
    </ClCompile>
    <ClCompile Include="10872팩토리얼.cpp">
      <Filter>소스 파일</Filter>
    </ClCompile>
    <ClCompile Include="10870피보나치5.cpp">
      <Filter>소스 파일</Filter>
    </ClCompile>
    <ClCompile Include="11050이항계수.cpp">
      <Filter>소스 파일</Filter>
    </ClCompile>
    <ClCompile Include="11051이항계수2cpp.cpp">
      <Filter>소스 파일</Filter>
    </ClCompile>
    <ClCompile Include="9663NQueen.cpp">
      <Filter>소스 파일</Filter>
    </ClCompile>
    <ClCompile Include="5213과외맨.cpp">
      <Filter>소스 파일</Filter>
    </ClCompile>
    <ClCompile Include="5525IOIOI.cpp">
      <Filter>소스 파일</Filter>
    </ClCompile>
    <ClCompile Include="15649N과M(1).cpp">
      <Filter>소스 파일</Filter>
    </ClCompile>
    <ClCompile Include="15650N과M(2).cpp">
      <Filter>소스 파일</Filter>
    </ClCompile>
    <ClCompile Include="15651N과M(3).cpp">
      <Filter>소스 파일</Filter>
    </ClCompile>
    <ClCompile Include="15663N과M(9).cpp">
      <Filter>소스 파일</Filter>
    </ClCompile>
    <ClCompile Include="15653N과M%285%29.cpp">
      <Filter>소스 파일</Filter>
    </ClCompile>
    <ClCompile Include="15652N과M(4).cpp">
      <Filter>소스 파일</Filter>
    </ClCompile>
    <ClCompile Include="7576토마토.cpp">
      <Filter>소스 파일</Filter>
    </ClCompile>
    <ClCompile Include="16918봄버맨.cpp">
      <Filter>소스 파일</Filter>
    </ClCompile>
    <ClCompile Include="10816숫자카드2.cpp">
      <Filter>소스 파일</Filter>
    </ClCompile>
    <ClCompile Include="19236청소년상어.cpp">
      <Filter>소스 파일</Filter>
    </ClCompile>
    <ClCompile Include="1005ACMCraft.cpp">
      <Filter>소스 파일</Filter>
    </ClCompile>
    <ClCompile Include="12849본대산책.cpp">
      <Filter>소스 파일</Filter>
    </ClCompile>
    <ClCompile Include="14499주사위굴리기.cpp">
      <Filter>소스 파일</Filter>
    </ClCompile>
    <ClCompile Include="14500테트로미노.cpp">
      <Filter>소스 파일</Filter>
    </ClCompile>
    <ClCompile Include="1949등산로조성.cpp">
      <Filter>소스 파일</Filter>
    </ClCompile>
    <ClCompile Include="10844쉬운계단수.cpp">
      <Filter>소스 파일</Filter>
    </ClCompile>
    <ClCompile Include="1912연속합.cpp">
      <Filter>소스 파일</Filter>
    </ClCompile>
    <ClCompile Include="15685드래곤커브.cpp">
      <Filter>소스 파일</Filter>
    </ClCompile>
    <ClCompile Include="17142연구소3.cpp">
      <Filter>소스 파일</Filter>
    </ClCompile>
    <ClCompile Include="13460구슬탈출2.cpp">
      <Filter>소스 파일</Filter>
    </ClCompile>
    <ClCompile Include="9205맥주.cpp">
      <Filter>소스 파일</Filter>
    </ClCompile>
    <ClCompile Include="16197두동전.cpp">
      <Filter>소스 파일</Filter>
    </ClCompile>
    <ClCompile Include="17136색종이붙이기.cpp">
      <Filter>소스 파일</Filter>
    </ClCompile>
    <ClCompile Include="7567그릇.cpp">
      <Filter>소스 파일</Filter>
    </ClCompile>
    <ClCompile Include="2555생일출력하기.cpp">
      <Filter>소스 파일</Filter>
    </ClCompile>
    <ClCompile Include="10926물음표.cpp">
      <Filter>소스 파일</Filter>
    </ClCompile>
    <ClCompile Include="16561_3의배수.cpp">
      <Filter>소스 파일</Filter>
    </ClCompile>
    <ClCompile Include="16235나무재테크.cpp">
      <Filter>소스 파일</Filter>
    </ClCompile>
    <ClCompile Include="16939루빅스큐브.cpp">
      <Filter>소스 파일</Filter>
    </ClCompile>
    <ClCompile Include="1021회전하는큐.cpp">
      <Filter>소스 파일</Filter>
    </ClCompile>
    <ClCompile Include="5373루빅스큐브.cpp">
      <Filter>소스 파일</Filter>
    </ClCompile>
    <ClCompile Include="17070파이프옮기기.cpp">
      <Filter>소스 파일</Filter>
    </ClCompile>
    <ClCompile Include="15680연세대.cpp">
      <Filter>소스 파일</Filter>
    </ClCompile>
    <ClCompile Include="5052전화번호.cpp">
      <Filter>소스 파일</Filter>
    </ClCompile>
    <ClCompile Include="16985maze.cpp">
      <Filter>소스 파일</Filter>
    </ClCompile>
    <ClCompile Include="1181단어정렬.cpp">
      <Filter>소스 파일</Filter>
    </ClCompile>
    <ClCompile Include="16986인싸들의 가위바위보.cpp">
      <Filter>소스 파일</Filter>
    </ClCompile>
    <ClCompile Include="6987월드컵.cpp">
      <Filter>소스 파일</Filter>
    </ClCompile>
    <ClCompile Include="16988바둑2(easy).cpp">
      <Filter>소스 파일</Filter>
    </ClCompile>
    <ClCompile Include="16637괄호추가.cpp">
      <Filter>소스 파일</Filter>
    </ClCompile>
    <ClCompile Include="16922로마숫자.cpp">
      <Filter>소스 파일</Filter>
    </ClCompile>
    <ClCompile Include="9085더하기.cpp">
      <Filter>소스 파일</Filter>
    </ClCompile>
    <ClCompile Include="1010다리놓기.cpp">
      <Filter>소스 파일</Filter>
    </ClCompile>
    <ClCompile Include="16938캡프준비.cpp">
      <Filter>소스 파일</Filter>
    </ClCompile>
    <ClCompile Include="16937두스티커.cpp">
      <Filter>소스 파일</Filter>
    </ClCompile>
    <ClCompile Include="2711오타맨.cpp">
      <Filter>소스 파일</Filter>
    </ClCompile>
    <ClCompile Include="5635생일.cpp">
      <Filter>소스 파일</Filter>
    </ClCompile>
    <ClCompile Include="16943숫자재배치.cpp">
      <Filter>소스 파일</Filter>
    </ClCompile>
    <ClCompile Include="9328열쇠.cpp">
      <Filter>소스 파일</Filter>
    </ClCompile>
    <ClCompile Include="10773제로.cpp">
      <Filter>소스 파일</Filter>
    </ClCompile>
    <ClCompile Include="16953AtoB.cpp">
      <Filter>소스 파일</Filter>
    </ClCompile>
    <ClCompile Include="1427소트인사이드.cpp">
      <Filter>소스 파일</Filter>
    </ClCompile>
    <ClCompile Include="16945매직스퀘어.cpp">
      <Filter>소스 파일</Filter>
    </ClCompile>
    <ClCompile Include="1707이분그래프.cpp">
      <Filter>소스 파일</Filter>
    </ClCompile>
    <ClCompile Include="2110공유기설치.cpp">
      <Filter>소스 파일</Filter>
    </ClCompile>
    <ClCompile Include="2776암기왕.cpp">
      <Filter>소스 파일</Filter>
    </ClCompile>
    <ClCompile Include="18428감시피하기.cpp">
      <Filter>소스 파일</Filter>
    </ClCompile>
    <ClCompile Include="16958텔레포트.cpp">
      <Filter>소스 파일</Filter>
    </ClCompile>
    <ClCompile Include="2775부녀회장.cpp">
      <Filter>소스 파일</Filter>
    </ClCompile>
    <ClCompile Include="4963섬의개수.cpp">
      <Filter>소스 파일</Filter>
    </ClCompile>
    <ClCompile Include="2630색종이.cpp">
      <Filter>소스 파일</Filter>
    </ClCompile>
    <ClCompile Include="16638괄호추가2.cpp">
      <Filter>소스 파일</Filter>
    </ClCompile>
    <ClCompile Include="9934완전이진트리.cpp">
      <Filter>소스 파일</Filter>
    </ClCompile>
    <ClCompile Include="16948데스나이트.cpp">
      <Filter>소스 파일</Filter>
    </ClCompile>
    <ClCompile Include="15686치킨배달.cpp">
      <Filter>소스 파일</Filter>
    </ClCompile>
    <ClCompile Include="20057마법사와상어와토네이도.cpp">
      <Filter>소스 파일</Filter>
    </ClCompile>
    <ClCompile Include="20058파이어스톰.cpp">
      <Filter>소스 파일</Filter>
    </ClCompile>
    <ClCompile Include="20055커베이어벨트위의 로봇.cpp">
      <Filter>소스 파일</Filter>
    </ClCompile>
    <ClCompile Include="20056마법사상어와파이어볼.cpp">
      <Filter>소스 파일</Filter>
    </ClCompile>
    <ClCompile Include="16234인구이동.cpp">
      <Filter>소스 파일</Filter>
    </ClCompile>
  </ItemGroup>
</Project>